
Microsoft Visual Studio Solution File, Format Version 12.00
# Visual Studio 14
VisualStudioVersion = 14.0.24720.0
MinimumVisualStudioVersion = 10.0.40219.1
Project("{FAE04EC0-301F-11D3-BF4B-00C04F79EFBC}") = "Models", "Models\Models.csproj", "{666A0D13-5A77-4C73-8825-A2451A1C8CC4}"
EndProject
Project("{FAE04EC0-301F-11D3-BF4B-00C04F79EFBC}") = "Repositories", "Repositories\Repositories.csproj", "{159F19D7-FCDB-4CC4-86FF-ECEF94167912}"
EndProject
Project("{FAE04EC0-301F-11D3-BF4B-00C04F79EFBC}") = "Gui", "Gui\Gui.csproj", "{5AE53D00-91DE-4C70-8A7A-AC0BB0073EF8}"
EndProject
Project("{FAE04EC0-301F-11D3-BF4B-00C04F79EFBC}") = "UseCases", "UseCases\UseCases.csproj", "{A2DA9845-AB06-4C4A-B43F-1B31D256EF30}"
EndProject
Global
	GlobalSection(SolutionConfigurationPlatforms) = preSolution
		Debug|Any CPU = Debug|Any CPU
		Release|Any CPU = Release|Any CPU
	EndGlobalSection
	GlobalSection(ProjectConfigurationPlatforms) = postSolution
		{666A0D13-5A77-4C73-8825-A2451A1C8CC4}.Debug|Any CPU.ActiveCfg = Debug|Any CPU
		{666A0D13-5A77-4C73-8825-A2451A1C8CC4}.Debug|Any CPU.Build.0 = Debug|Any CPU
		{666A0D13-5A77-4C73-8825-A2451A1C8CC4}.Release|Any CPU.ActiveCfg = Release|Any CPU
		{666A0D13-5A77-4C73-8825-A2451A1C8CC4}.Release|Any CPU.Build.0 = Release|Any CPU
		{159F19D7-FCDB-4CC4-86FF-ECEF94167912}.Debug|Any CPU.ActiveCfg = Debug|Any CPU
		{159F19D7-FCDB-4CC4-86FF-ECEF94167912}.Debug|Any CPU.Build.0 = Debug|Any CPU
		{159F19D7-FCDB-4CC4-86FF-ECEF94167912}.Release|Any CPU.ActiveCfg = Release|Any CPU
		{159F19D7-FCDB-4CC4-86FF-ECEF94167912}.Release|Any CPU.Build.0 = Release|Any CPU
		{5AE53D00-91DE-4C70-8A7A-AC0BB0073EF8}.Debug|Any CPU.ActiveCfg = Debug|Any CPU
		{5AE53D00-91DE-4C70-8A7A-AC0BB0073EF8}.Debug|Any CPU.Build.0 = Debug|Any CPU
		{5AE53D00-91DE-4C70-8A7A-AC0BB0073EF8}.Release|Any CPU.ActiveCfg = Release|Any CPU
		{5AE53D00-91DE-4C70-8A7A-AC0BB0073EF8}.Release|Any CPU.Build.0 = Release|Any CPU
		{A2DA9845-AB06-4C4A-B43F-1B31D256EF30}.Debug|Any CPU.ActiveCfg = Debug|Any CPU
		{A2DA9845-AB06-4C4A-B43F-1B31D256EF30}.Debug|Any CPU.Build.0 = Debug|Any CPU
		{A2DA9845-AB06-4C4A-B43F-1B31D256EF30}.Release|Any CPU.ActiveCfg = Release|Any CPU
		{A2DA9845-AB06-4C4A-B43F-1B31D256EF30}.Release|Any CPU.Build.0 = Release|Any CPU
	EndGlobalSection
	GlobalSection(SolutionProperties) = preSolution
		HideSolutionNode = FALSE
	EndGlobalSection
EndGlobal
